// !$*UTF8*$!
{
	archiveVersion = 1;
	classes = {
	};
	objectVersion = 56;
	objects = {

/* Begin PBXBuildFile section */
		B0A769E12AA783DE00D85B3D /* WithiaryApp.swift in Sources */ = {isa = PBXBuildFile; fileRef = B0A769E02AA783DE00D85B3D /* WithiaryApp.swift */; };
		B0A769E32AA783DE00D85B3D /* ContentView.swift in Sources */ = {isa = PBXBuildFile; fileRef = B0A769E22AA783DE00D85B3D /* ContentView.swift */; };
		B0A769E52AA783E000D85B3D /* Assets.xcassets in Resources */ = {isa = PBXBuildFile; fileRef = B0A769E42AA783E000D85B3D /* Assets.xcassets */; };
		B0A769E82AA783E000D85B3D /* Preview Assets.xcassets in Resources */ = {isa = PBXBuildFile; fileRef = B0A769E72AA783E000D85B3D /* Preview Assets.xcassets */; };
		B0A769F22AA783E000D85B3D /* WithiaryTests.swift in Sources */ = {isa = PBXBuildFile; fileRef = B0A769F12AA783E000D85B3D /* WithiaryTests.swift */; };
/* End PBXBuildFile section */

/* Begin PBXContainerItemProxy section */
		B0A769EE2AA783E000D85B3D /* PBXContainerItemProxy */ = {
			isa = PBXContainerItemProxy;
			containerPortal = B0A769D52AA783DE00D85B3D /* Project object */;
			proxyType = 1;
			remoteGlobalIDString = B0A769DC2AA783DE00D85B3D;
			remoteInfo = Withiary;
		};
/* End PBXContainerItemProxy section */

/* Begin PBXFileReference section */
		B0A769DD2AA783DE00D85B3D /* Withiary.app */ = {isa = PBXFileReference; explicitFileType = wrapper.application; includeInIndex = 0; path = Withiary.app; sourceTree = BUILT_PRODUCTS_DIR; };
		B0A769E02AA783DE00D85B3D /* WithiaryApp.swift */ = {isa = PBXFileReference; lastKnownFileType = sourcecode.swift; path = WithiaryApp.swift; sourceTree = "<group>"; };
		B0A769E22AA783DE00D85B3D /* ContentView.swift */ = {isa = PBXFileReference; lastKnownFileType = sourcecode.swift; path = ContentView.swift; sourceTree = "<group>"; };
		B0A769E42AA783E000D85B3D /* Assets.xcassets */ = {isa = PBXFileReference; lastKnownFileType = folder.assetcatalog; path = Assets.xcassets; sourceTree = "<group>"; };
		B0A769E72AA783E000D85B3D /* Preview Assets.xcassets */ = {isa = PBXFileReference; lastKnownFileType = folder.assetcatalog; path = "Preview Assets.xcassets"; sourceTree = "<group>"; };
		B0A769ED2AA783E000D85B3D /* WithiaryTests.xctest */ = {isa = PBXFileReference; explicitFileType = wrapper.cfbundle; includeInIndex = 0; path = WithiaryTests.xctest; sourceTree = BUILT_PRODUCTS_DIR; };
		B0A769F12AA783E000D85B3D /* WithiaryTests.swift */ = {isa = PBXFileReference; lastKnownFileType = sourcecode.swift; path = WithiaryTests.swift; sourceTree = "<group>"; };
/* End PBXFileReference section */

/* Begin PBXFrameworksBuildPhase section */
		B0A769DA2AA783DE00D85B3D /* Frameworks */ = {
			isa = PBXFrameworksBuildPhase;
			buildActionMask = 2147483647;
			files = (
			);
			runOnlyForDeploymentPostprocessing = 0;
		};
		B0A769EA2AA783E000D85B3D /* Frameworks */ = {
			isa = PBXFrameworksBuildPhase;
			buildActionMask = 2147483647;
			files = (
			);
			runOnlyForDeploymentPostprocessing = 0;
		};
/* End PBXFrameworksBuildPhase section */

/* Begin PBXGroup section */
		B0A769D42AA783DE00D85B3D = {
			isa = PBXGroup;
			children = (
				B0A769DF2AA783DE00D85B3D /* Withiary */,
				B0A769F02AA783E000D85B3D /* WithiaryTests */,
				B0A769DE2AA783DE00D85B3D /* Products */,
			);
			sourceTree = "<group>";
		};
		B0A769DE2AA783DE00D85B3D /* Products */ = {
			isa = PBXGroup;
			children = (
				B0A769DD2AA783DE00D85B3D /* Withiary.app */,
				B0A769ED2AA783E000D85B3D /* WithiaryTests.xctest */,
			);
			name = Products;
			sourceTree = "<group>";
		};
		B0A769DF2AA783DE00D85B3D /* Withiary */ = {
			isa = PBXGroup;
			children = (
				B0A769E02AA783DE00D85B3D /* WithiaryApp.swift */,
				B0A769E22AA783DE00D85B3D /* ContentView.swift */,
				B0A769E42AA783E000D85B3D /* Assets.xcassets */,
				B0A769E62AA783E000D85B3D /* Preview Content */,
			);
			path = Withiary;
			sourceTree = "<group>";
		};
		B0A769E62AA783E000D85B3D /* Preview Content */ = {
			isa = PBXGroup;
			children = (
				B0A769E72AA783E000D85B3D /* Preview Assets.xcassets */,
			);
			path = "Preview Content";
			sourceTree = "<group>";
		};
		B0A769F02AA783E000D85B3D /* WithiaryTests */ = {
			isa = PBXGroup;
			children = (
				B0A769F12AA783E000D85B3D /* WithiaryTests.swift */,
			);
			path = WithiaryTests;
			sourceTree = "<group>";
		};
/* End PBXGroup section */

/* Begin PBXNativeTarget section */
		B0A769DC2AA783DE00D85B3D /* Withiary */ = {
			isa = PBXNativeTarget;
			buildConfigurationList = B0A76A012AA783E000D85B3D /* Build configuration list for PBXNativeTarget "Withiary" */;
			buildPhases = (
				B0A769D92AA783DE00D85B3D /* Sources */,
				B0A769DA2AA783DE00D85B3D /* Frameworks */,
				B0A769DB2AA783DE00D85B3D /* Resources */,
			);
			buildRules = (
			);
			dependencies = (
			);
			name = Withiary;
			productName = Withiary;
			productReference = B0A769DD2AA783DE00D85B3D /* Withiary.app */;
			productType = "com.apple.product-type.application";
		};
		B0A769EC2AA783E000D85B3D /* WithiaryTests */ = {
			isa = PBXNativeTarget;
			buildConfigurationList = B0A76A042AA783E000D85B3D /* Build configuration list for PBXNativeTarget "WithiaryTests" */;
			buildPhases = (
				B0A769E92AA783E000D85B3D /* Sources */,
				B0A769EA2AA783E000D85B3D /* Frameworks */,
				B0A769EB2AA783E000D85B3D /* Resources */,
			);
			buildRules = (
			);
			dependencies = (
				B0A769EF2AA783E000D85B3D /* PBXTargetDependency */,
			);
			name = WithiaryTests;
			productName = WithiaryTests;
			productReference = B0A769ED2AA783E000D85B3D /* WithiaryTests.xctest */;
			productType = "com.apple.product-type.bundle.unit-test";
		};
/* End PBXNativeTarget section */

/* Begin PBXProject section */
		B0A769D52AA783DE00D85B3D /* Project object */ = {
			isa = PBXProject;
			attributes = {
				BuildIndependentTargetsInParallel = 1;
				LastSwiftUpdateCheck = 1430;
				LastUpgradeCheck = 1430;
				TargetAttributes = {
					B0A769DC2AA783DE00D85B3D = {
						CreatedOnToolsVersion = 14.3.1;
					};
					B0A769EC2AA783E000D85B3D = {
						CreatedOnToolsVersion = 14.3.1;
						TestTargetID = B0A769DC2AA783DE00D85B3D;
					};
				};
			};
			buildConfigurationList = B0A769D82AA783DE00D85B3D /* Build configuration list for PBXProject "Withiary" */;
			compatibilityVersion = "Xcode 14.0";
			developmentRegion = en;
			hasScannedForEncodings = 0;
			knownRegions = (
				en,
				Base,
			);
			mainGroup = B0A769D42AA783DE00D85B3D;
			productRefGroup = B0A769DE2AA783DE00D85B3D /* Products */;
			projectDirPath = "";
			projectRoot = "";
			targets = (
				B0A769DC2AA783DE00D85B3D /* Withiary */,
				B0A769EC2AA783E000D85B3D /* WithiaryTests */,
			);
		};
/* End PBXProject section */

/* Begin PBXResourcesBuildPhase section */
		B0A769DB2AA783DE00D85B3D /* Resources */ = {
			isa = PBXResourcesBuildPhase;
			buildActionMask = 2147483647;
			files = (
				B0A769E82AA783E000D85B3D /* Preview Assets.xcassets in Resources */,
				B0A769E52AA783E000D85B3D /* Assets.xcassets in Resources */,
			);
			runOnlyForDeploymentPostprocessing = 0;
		};
		B0A769EB2AA783E000D85B3D /* Resources */ = {
			isa = PBXResourcesBuildPhase;
			buildActionMask = 2147483647;
			files = (
			);
			runOnlyForDeploymentPostprocessing = 0;
		};
/* End PBXResourcesBuildPhase section */

/* Begin PBXSourcesBuildPhase section */
		B0A769D92AA783DE00D85B3D /* Sources */ = {
			isa = PBXSourcesBuildPhase;
			buildActionMask = 2147483647;
			files = (
				B0A769E32AA783DE00D85B3D /* ContentView.swift in Sources */,
				B0A769E12AA783DE00D85B3D /* WithiaryApp.swift in Sources */,
			);
			runOnlyForDeploymentPostprocessing = 0;
		};
		B0A769E92AA783E000D85B3D /* Sources */ = {
			isa = PBXSourcesBuildPhase;
			buildActionMask = 2147483647;
			files = (
				B0A769F22AA783E000D85B3D /* WithiaryTests.swift in Sources */,
			);
			runOnlyForDeploymentPostprocessing = 0;
		};
/* End PBXSourcesBuildPhase section */

/* Begin PBXTargetDependency section */
		B0A769EF2AA783E000D85B3D /* PBXTargetDependency */ = {
			isa = PBXTargetDependency;
			target = B0A769DC2AA783DE00D85B3D /* Withiary */;
			targetProxy = B0A769EE2AA783E000D85B3D /* PBXContainerItemProxy */;
		};
/* End PBXTargetDependency section */

/* Begin XCBuildConfiguration section */
		B0A769FF2AA783E000D85B3D /* Debug */ = {
			isa = XCBuildConfiguration;
			buildSettings = {
				ALWAYS_SEARCH_USER_PATHS = NO;
				CLANG_ANALYZER_NONNULL = YES;
				CLANG_ANALYZER_NUMBER_OBJECT_CONVERSION = YES_AGGRESSIVE;
				CLANG_CXX_LANGUAGE_STANDARD = "gnu++20";
				CLANG_ENABLE_MODULES = YES;
				CLANG_ENABLE_OBJC_ARC = YES;
				CLANG_ENABLE_OBJC_WEAK = YES;
				CLANG_WARN_BLOCK_CAPTURE_AUTORELEASING = YES;
				CLANG_WARN_BOOL_CONVERSION = YES;
				CLANG_WARN_COMMA = YES;
				CLANG_WARN_CONSTANT_CONVERSION = YES;
				CLANG_WARN_DEPRECATED_OBJC_IMPLEMENTATIONS = YES;
				CLANG_WARN_DIRECT_OBJC_ISA_USAGE = YES_ERROR;
				CLANG_WARN_DOCUMENTATION_COMMENTS = YES;
				CLANG_WARN_EMPTY_BODY = YES;
				CLANG_WARN_ENUM_CONVERSION = YES;
				CLANG_WARN_INFINITE_RECURSION = YES;
				CLANG_WARN_INT_CONVERSION = YES;
				CLANG_WARN_NON_LITERAL_NULL_CONVERSION = YES;
				CLANG_WARN_OBJC_IMPLICIT_RETAIN_SELF = YES;
				CLANG_WARN_OBJC_LITERAL_CONVERSION = YES;
				CLANG_WARN_OBJC_ROOT_CLASS = YES_ERROR;
				CLANG_WARN_QUOTED_INCLUDE_IN_FRAMEWORK_HEADER = YES;
				CLANG_WARN_RANGE_LOOP_ANALYSIS = YES;
				CLANG_WARN_STRICT_PROTOTYPES = YES;
				CLANG_WARN_SUSPICIOUS_MOVE = YES;
				CLANG_WARN_UNGUARDED_AVAILABILITY = YES_AGGRESSIVE;
				CLANG_WARN_UNREACHABLE_CODE = YES;
				CLANG_WARN__DUPLICATE_METHOD_MATCH = YES;
				COPY_PHASE_STRIP = NO;
				DEBUG_INFORMATION_FORMAT = dwarf;
				ENABLE_STRICT_OBJC_MSGSEND = YES;
				ENABLE_TESTABILITY = YES;
				GCC_C_LANGUAGE_STANDARD = gnu11;
				GCC_DYNAMIC_NO_PIC = NO;
				GCC_NO_COMMON_BLOCKS = YES;
				GCC_OPTIMIZATION_LEVEL = 0;
				GCC_PREPROCESSOR_DEFINITIONS = (
					"DEBUG=1",
					"$(inherited)",
				);
				GCC_WARN_64_TO_32_BIT_CONVERSION = YES;
				GCC_WARN_ABOUT_RETURN_TYPE = YES_ERROR;
				GCC_WARN_UNDECLARED_SELECTOR = YES;
				GCC_WARN_UNINITIALIZED_AUTOS = YES_AGGRESSIVE;
				GCC_WARN_UNUSED_FUNCTION = YES;
				GCC_WARN_UNUSED_VARIABLE = YES;
				IPHONEOS_DEPLOYMENT_TARGET = 16.4;
				MTL_ENABLE_DEBUG_INFO = INCLUDE_SOURCE;
				MTL_FAST_MATH = YES;
				ONLY_ACTIVE_ARCH = YES;
				SDKROOT = iphoneos;
				SWIFT_ACTIVE_COMPILATION_CONDITIONS = DEBUG;
				SWIFT_OPTIMIZATION_LEVEL = "-Onone";
			};
			name = Debug;
		};
		B0A76A002AA783E000D85B3D /* Release */ = {
			isa = XCBuildConfiguration;
			buildSettings = {
				ALWAYS_SEARCH_USER_PATHS = NO;
				CLANG_ANALYZER_NONNULL = YES;
				CLANG_ANALYZER_NUMBER_OBJECT_CONVERSION = YES_AGGRESSIVE;
				CLANG_CXX_LANGUAGE_STANDARD = "gnu++20";
				CLANG_ENABLE_MODULES = YES;
				CLANG_ENABLE_OBJC_ARC = YES;
				CLANG_ENABLE_OBJC_WEAK = YES;
				CLANG_WARN_BLOCK_CAPTURE_AUTORELEASING = YES;
				CLANG_WARN_BOOL_CONVERSION = YES;
				CLANG_WARN_COMMA = YES;
				CLANG_WARN_CONSTANT_CONVERSION = YES;
				CLANG_WARN_DEPRECATED_OBJC_IMPLEMENTATIONS = YES;
				CLANG_WARN_DIRECT_OBJC_ISA_USAGE = YES_ERROR;
				CLANG_WARN_DOCUMENTATION_COMMENTS = YES;
				CLANG_WARN_EMPTY_BODY = YES;
				CLANG_WARN_ENUM_CONVERSION = YES;
				CLANG_WARN_INFINITE_RECURSION = YES;
				CLANG_WARN_INT_CONVERSION = YES;
				CLANG_WARN_NON_LITERAL_NULL_CONVERSION = YES;
				CLANG_WARN_OBJC_IMPLICIT_RETAIN_SELF = YES;
				CLANG_WARN_OBJC_LITERAL_CONVERSION = YES;
				CLANG_WARN_OBJC_ROOT_CLASS = YES_ERROR;
				CLANG_WARN_QUOTED_INCLUDE_IN_FRAMEWORK_HEADER = YES;
				CLANG_WARN_RANGE_LOOP_ANALYSIS = YES;
				CLANG_WARN_STRICT_PROTOTYPES = YES;
				CLANG_WARN_SUSPICIOUS_MOVE = YES;
				CLANG_WARN_UNGUARDED_AVAILABILITY = YES_AGGRESSIVE;
				CLANG_WARN_UNREACHABLE_CODE = YES;
				CLANG_WARN__DUPLICATE_METHOD_MATCH = YES;
				COPY_PHASE_STRIP = NO;
				DEBUG_INFORMATION_FORMAT = "dwarf-with-dsym";
				ENABLE_NS_ASSERTIONS = NO;
				ENABLE_STRICT_OBJC_MSGSEND = YES;
				GCC_C_LANGUAGE_STANDARD = gnu11;
				GCC_NO_COMMON_BLOCKS = YES;
				GCC_WARN_64_TO_32_BIT_CONVERSION = YES;
				GCC_WARN_ABOUT_RETURN_TYPE = YES_ERROR;
				GCC_WARN_UNDECLARED_SELECTOR = YES;
				GCC_WARN_UNINITIALIZED_AUTOS = YES_AGGRESSIVE;
				GCC_WARN_UNUSED_FUNCTION = YES;
				GCC_WARN_UNUSED_VARIABLE = YES;
				IPHONEOS_DEPLOYMENT_TARGET = 16.4;
				MTL_ENABLE_DEBUG_INFO = NO;
				MTL_FAST_MATH = YES;
				SDKROOT = iphoneos;
				SWIFT_COMPILATION_MODE = wholemodule;
				SWIFT_OPTIMIZATION_LEVEL = "-O";
				VALIDATE_PRODUCT = YES;
			};
			name = Release;
		};
		B0A76A022AA783E000D85B3D /* Debug */ = {
			isa = XCBuildConfiguration;
			buildSettings = {
				ASSETCATALOG_COMPILER_APPICON_NAME = AppIcon;
				ASSETCATALOG_COMPILER_GLOBAL_ACCENT_COLOR_NAME = AccentColor;
				CODE_SIGN_STYLE = Automatic;
				CURRENT_PROJECT_VERSION = 1;
				DEVELOPMENT_ASSET_PATHS = "\"Withiary/Preview Content\"";
				DEVELOPMENT_TEAM = WR7J54AQ86;
				ENABLE_PREVIEWS = YES;
				GENERATE_INFOPLIST_FILE = YES;
				INFOPLIST_KEY_UIApplicationSceneManifest_Generation = YES;
				INFOPLIST_KEY_UIApplicationSupportsIndirectInputEvents = YES;
				INFOPLIST_KEY_UILaunchScreen_Generation = YES;
				INFOPLIST_KEY_UISupportedInterfaceOrientations_iPad = "UIInterfaceOrientationPortrait UIInterfaceOrientationPortraitUpsideDown UIInterfaceOrientationLandscapeLeft UIInterfaceOrientationLandscapeRight";
				INFOPLIST_KEY_UISupportedInterfaceOrientations_iPhone = "UIInterfaceOrientationPortrait UIInterfaceOrientationLandscapeLeft UIInterfaceOrientationLandscapeRight";
				LD_RUNPATH_SEARCH_PATHS = (
					"$(inherited)",
					"@executable_path/Frameworks",
				);
				MARKETING_VERSION = 1.0;
				PRODUCT_BUNDLE_IDENTIFIER = com.downey.Withiary;
				PRODUCT_NAME = "$(TARGET_NAME)";
				SWIFT_EMIT_LOC_STRINGS = YES;
				SWIFT_VERSION = 5.0;
				TARGETED_DEVICE_FAMILY = "1,2";
			};
			name = Debug;
		};
		B0A76A032AA783E000D85B3D /* Release */ = {
			isa = XCBuildConfiguration;
			buildSettings = {
				ASSETCATALOG_COMPILER_APPICON_NAME = AppIcon;
				ASSETCATALOG_COMPILER_GLOBAL_ACCENT_COLOR_NAME = AccentColor;
				CODE_SIGN_STYLE = Automatic;
				CURRENT_PROJECT_VERSION = 1;
				DEVELOPMENT_ASSET_PATHS = "\"Withiary/Preview Content\"";
				DEVELOPMENT_TEAM = WR7J54AQ86;
				ENABLE_PREVIEWS = YES;
				GENERATE_INFOPLIST_FILE = YES;
				INFOPLIST_KEY_UIApplicationSceneManifest_Generation = YES;
				INFOPLIST_KEY_UIApplicationSupportsIndirectInputEvents = YES;
				INFOPLIST_KEY_UILaunchScreen_Generation = YES;
				INFOPLIST_KEY_UISupportedInterfaceOrientations_iPad = "UIInterfaceOrientationPortrait UIInterfaceOrientationPortraitUpsideDown UIInterfaceOrientationLandscapeLeft UIInterfaceOrientationLandscapeRight";
				INFOPLIST_KEY_UISupportedInterfaceOrientations_iPhone = "UIInterfaceOrientationPortrait UIInterfaceOrientationLandscapeLeft UIInterfaceOrientationLandscapeRight";
				LD_RUNPATH_SEARCH_PATHS = (
					"$(inherited)",
					"@executable_path/Frameworks",
				);
				MARKETING_VERSION = 1.0;
				PRODUCT_BUNDLE_IDENTIFIER = com.downey.Withiary;
				PRODUCT_NAME = "$(TARGET_NAME)";
				SWIFT_EMIT_LOC_STRINGS = YES;
				SWIFT_VERSION = 5.0;
				TARGETED_DEVICE_FAMILY = "1,2";
			};
			name = Release;
		};
		B0A76A052AA783E000D85B3D /* Debug */ = {
			isa = XCBuildConfiguration;
			buildSettings = {
				ALWAYS_EMBED_SWIFT_STANDARD_LIBRARIES = YES;
				BUNDLE_LOADER = "$(TEST_HOST)";
				CODE_SIGN_STYLE = Automatic;
				CURRENT_PROJECT_VERSION = 1;
				DEVELOPMENT_TEAM = WR7J54AQ86;
				GENERATE_INFOPLIST_FILE = YES;
				IPHONEOS_DEPLOYMENT_TARGET = 16.4;
				MARKETING_VERSION = 1.0;
				PRODUCT_BUNDLE_IDENTIFIER = com.downey.WithiaryTests;
				PRODUCT_NAME = "$(TARGET_NAME)";
				SWIFT_EMIT_LOC_STRINGS = NO;
				SWIFT_VERSION = 5.0;
				TARGETED_DEVICE_FAMILY = "1,2";
				TEST_HOST = "$(BUILT_PRODUCTS_DIR)/Withiary.app/$(BUNDLE_EXECUTABLE_FOLDER_PATH)/Withiary";
			};
			name = Debug;
		};
		B0A76A062AA783E000D85B3D /* Release */ = {
			isa = XCBuildConfiguration;
			buildSettings = {
				ALWAYS_EMBED_SWIFT_STANDARD_LIBRARIES = YES;
				BUNDLE_LOADER = "$(TEST_HOST)";
				CODE_SIGN_STYLE = Automatic;
				CURRENT_PROJECT_VERSION = 1;
				DEVELOPMENT_TEAM = WR7J54AQ86;
				GENERATE_INFOPLIST_FILE = YES;
				IPHONEOS_DEPLOYMENT_TARGET = 16.4;
				MARKETING_VERSION = 1.0;
				PRODUCT_BUNDLE_IDENTIFIER = com.downey.WithiaryTests;
				PRODUCT_NAME = "$(TARGET_NAME)";
				SWIFT_EMIT_LOC_STRINGS = NO;
				SWIFT_VERSION = 5.0;
				TARGETED_DEVICE_FAMILY = "1,2";
				TEST_HOST = "$(BUILT_PRODUCTS_DIR)/Withiary.app/$(BUNDLE_EXECUTABLE_FOLDER_PATH)/Withiary";
			};
			name = Release;
		};
/* End XCBuildConfiguration section */

/* Begin XCConfigurationList section */
		B0A769D82AA783DE00D85B3D /* Build configuration list for PBXProject "Withiary" */ = {
			isa = XCConfigurationList;
			buildConfigurations = (
				B0A769FF2AA783E000D85B3D /* Debug */,
				B0A76A002AA783E000D85B3D /* Release */,
			);
			defaultConfigurationIsVisible = 0;
			defaultConfigurationName = Release;
		};
		B0A76A012AA783E000D85B3D /* Build configuration list for PBXNativeTarget "Withiary" */ = {
			isa = XCConfigurationList;
			buildConfigurations = (
				B0A76A022AA783E000D85B3D /* Debug */,
				B0A76A032AA783E000D85B3D /* Release */,
			);
			defaultConfigurationIsVisible = 0;
			defaultConfigurationName = Release;
		};
		B0A76A042AA783E000D85B3D /* Build configuration list for PBXNativeTarget "WithiaryTests" */ = {
			isa = XCConfigurationList;
			buildConfigurations = (
				B0A76A052AA783E000D85B3D /* Debug */,
				B0A76A062AA783E000D85B3D /* Release */,
			);
			defaultConfigurationIsVisible = 0;
			defaultConfigurationName = Release;
		};
/* End XCConfigurationList section */
	};
	rootObject = B0A769D52AA783DE00D85B3D /* Project object */;
}
